{
  "name": "project",
  "lockfileVersion": 3,
  "requires": true,
  "packages": {
    "": {
      "dependencies": {
        "altimate-code": "^0.5.21"
      }
    },
    "node_modules/@altimateai/altimate-code-darwin-arm64": {
      "version": "0.5.21",
      "resolved": "https://registry.npmjs.org/@altimateai/altimate-code-darwin-arm64/-/altimate-code-darwin-arm64-0.5.21.tgz",
      "integrity": "sha512-P0OgX2Kg2QT4iqPjyjbMl+FGzjOtaQjZUvKxUtw3VgOATn1hVqrPVdfnk/pwCb1/2PXVInItNIgCMQOfhnxFiA==",
      "cpu": [
        "arm64"
      ],
      "optional": true,
      "os": [
        "darwin"
      ]
    },
    "node_modules/@altimateai/altimate-code-darwin-x64": {
      "version": "0.5.21",
      "resolved": "https://registry.npmjs.org/@altimateai/altimate-code-darwin-x64/-/altimate-code-darwin-x64-0.5.21.tgz",
      "integrity": "sha512-aGH7Tua6SCcmhafq+TCB6gInJPdcu80J7qpIjM8IjLg7iLOTzQOxrDSPCemi1R3Clz/+lqAf1r89F5I/rUSdlA==",
      "cpu": [
        "x64"
      ],
      "optional": true,
      "os": [
        "darwin"
      ]
    },
    "node_modules/@altimateai/altimate-code-darwin-x64-baseline": {
      "version": "0.5.21",
      "resolved": "https://registry.npmjs.org/@altimateai/altimate-code-darwin-x64-baseline/-/altimate-code-darwin-x64-baseline-0.5.21.tgz",
      "integrity": "sha512-2Emz3QdxIYeNfMx1M7yWgK5g6YcRpo0PoCWGRq3Iqjcoqy7zSHQEkl//VUROYwnyfr4HMVLDHgbRmso4t/B+JQ==",
      "cpu": [
        "x64"
      ],
      "optional": true,
      "os": [
        "darwin"
      ]
    },
    "node_modules/@altimateai/altimate-code-linux-arm64": {
      "version": "0.5.21",
      "resolved": "https://registry.npmjs.org/@altimateai/altimate-code-linux-arm64/-/altimate-code-linux-arm64-0.5.21.tgz",
      "integrity": "sha512-zcbAozHi6rexEmQyW/BP/KKVno6UQ/l4o5J/puOjEYu8crHBgCS14gPwMp2Y6hQKmwovKQElQpkQA2Lv3y5ThA==",
      "cpu": [
        "arm64"
      ],
      "optional": true,
      "os": [
        "linux"
      ]
    },
    "node_modules/@altimateai/altimate-code-linux-arm64-musl": {
      "version": "0.5.21",
      "resolved": "https://registry.npmjs.org/@altimateai/altimate-code-linux-arm64-musl/-/altimate-code-linux-arm64-musl-0.5.21.tgz",
      "integrity": "sha512-ci+ZGbopzgr27JXfpzHIYkmhxMm9HqpQiFO0sXkQKZNanbrBrYmuGljuR456APBonp6cksneDwzqWvRY0WXCwQ==",
      "cpu": [
        "arm64"
      ],
      "optional": true,
      "os": [
        "linux"
      ]
    },
    "node_modules/@altimateai/altimate-code-linux-x64": {
      "version": "0.5.21",
      "resolved": "https://registry.npmjs.org/@altimateai/altimate-code-linux-x64/-/altimate-code-linux-x64-0.5.21.tgz",
      "integrity": "sha512-cLe91+Z8DefBv0d4ER7EEfhCGkiMa1iGWEd/9GobXBvuFlcrEv8/tSl212jyKFl4dRRTfirYejWrRxIxLrcGvQ==",
      "cpu": [
        "x64"
      ],
      "optional": true,
      "os": [
        "linux"
      ]
    },
    "node_modules/@altimateai/altimate-code-linux-x64-baseline": {
      "version": "0.5.21",
      "resolved": "https://registry.npmjs.org/@altimateai/altimate-code-linux-x64-baseline/-/altimate-code-linux-x64-baseline-0.5.21.tgz",
      "integrity": "sha512-Wj6SGcRbA+iC9wQ7zQSXun8F7Qg55jhCLMUNc5bitN84KAgvF/3H3w/fDm0REhQkVJPjs6MlMBYrqx1lcFQCqA==",
      "cpu": [
        "x64"
      ],
      "optional": true,
      "os": [
        "linux"
      ]
    },
    "node_modules/@altimateai/altimate-code-linux-x64-baseline-musl": {
      "version": "0.5.21",
      "resolved": "https://registry.npmjs.org/@altimateai/altimate-code-linux-x64-baseline-musl/-/altimate-code-linux-x64-baseline-musl-0.5.21.tgz",
      "integrity": "sha512-WpRMRs7K2OrLZUj5+JCeZRzYO7U2DdYdatoItxrRLPjI/znOriv3OBWyQvZpy+aiO7N8u6xydFVIvKwtsrfUEw==",
      "cpu": [
        "x64"
      ],
      "optional": true,
      "os": [
        "linux"
      ]
    },
    "node_modules/@altimateai/altimate-code-linux-x64-musl": {
      "version": "0.5.21",
      "resolved": "https://registry.npmjs.org/@altimateai/altimate-code-linux-x64-musl/-/altimate-code-linux-x64-musl-0.5.21.tgz",
      "integrity": "sha512-Mf0pMTGf3gvlixqHyc2Jr/DyPRJqEcVXep972V1hXxNlwqJhjnFo1YHn+rmzQ9POC/XEnuWF1ZwRihnuwlq/CA==",
      "cpu": [
        "x64"
      ],
      "optional": true,
      "os": [
        "linux"
      ]
    },
    "node_modules/@altimateai/altimate-code-windows-arm64": {
      "version": "0.5.21",
      "resolved": "https://registry.npmjs.org/@altimateai/altimate-code-windows-arm64/-/altimate-code-windows-arm64-0.5.21.tgz",
      "integrity": "sha512-N5Jq2saLazJQNgnJpWTitEw2iHwdGSfay2tvK2Unx5vP+fwr/CEw0ri85B2usNq/4jcxfM016CmBCJmlhI1zOg==",
      "cpu": [
        "arm64"
      ],
      "optional": true,
      "os": [
        "win32"
      ]
    },
    "node_modules/@altimateai/altimate-code-windows-x64": {
      "version": "0.5.21",
      "resolved": "https://registry.npmjs.org/@altimateai/altimate-code-windows-x64/-/altimate-code-windows-x64-0.5.21.tgz",
      "integrity": "sha512-5blivNqZv7+LSptq9KIE5g9FcILmsg54ugoX7BnK/yWAEuMueAr+HK3SNMmIsNwzqVWXdLVKvWgXixfA0Q9GOQ==",
      "cpu": [
        "x64"
      ],
      "optional": true,
      "os": [
        "win32"
      ]
    },
    "node_modules/@altimateai/altimate-code-windows-x64-baseline": {
      "version": "0.5.21",
      "resolved": "https://registry.npmjs.org/@altimateai/altimate-code-windows-x64-baseline/-/altimate-code-windows-x64-baseline-0.5.21.tgz",
      "integrity": "sha512-vc/FZKmMMQo7Sj9XeV6rmjWBthVGaJGtKz+i7i4mdbmuOzop+fu+LnlfWjX/4RyF0o7H2ktlKY5PsgC4v9KWDQ==",
      "cpu": [
        "x64"
      ],
      "optional": true,
      "os": [
        "win32"
      ]
    },
    "node_modules/@altimateai/altimate-core": {
      "version": "0.2.6",
      "resolved": "https://registry.npmjs.org/@altimateai/altimate-core/-/altimate-core-0.2.6.tgz",
      "integrity": "sha512-RJNxDqyCmaEEcumIH7v5aXcZIP+vF7qbANrvIvOMR/Qt9FxhY84Zj6HZtjxdP9Qw8cfukkEbIqnI+gHTkhc5RQ==",
      "license": "Apache-2.0",
      "engines": {
        "node": ">= 18"
      },
      "optionalDependencies": {
        "@altimateai/altimate-core-darwin-arm64": "0.2.6",
        "@altimateai/altimate-core-darwin-x64": "0.2.6",
        "@altimateai/altimate-core-linux-arm64-gnu": "0.2.6",
        "@altimateai/altimate-core-linux-x64-gnu": "0.2.6",
        "@altimateai/altimate-core-win32-x64-msvc": "0.2.6"
      }
    },
    "node_modules/@altimateai/altimate-core-darwin-arm64": {
      "version": "0.2.6",
      "resolved": "https://registry.npmjs.org/@altimateai/altimate-core-darwin-arm64/-/altimate-core-darwin-arm64-0.2.6.tgz",
      "integrity": "sha512-my1Li6VFrzEESQkSvGqMbw6othfHJk+Zkx9lY8WFNIiheBDesbunJatGUyvz7/hel56af3FHdgIIeF/H3kzUkA==",
      "cpu": [
        "arm64"
      ],
      "license": "Apache-2.0",
      "optional": true,
      "os": [
        "darwin"
      ],
      "engines": {
        "node": ">= 18"
      }
    },
    "node_modules/@altimateai/altimate-core-darwin-x64": {
      "version": "0.2.6",
      "resolved": "https://registry.npmjs.org/@altimateai/altimate-core-darwin-x64/-/altimate-core-darwin-x64-0.2.6.tgz",
      "integrity": "sha512-e+F49pmM1eeRJ/0xBb8HAr9KzCe3WNJ40mViJ0T+uuB3RrPO1+93/4zdsDxZIh+8cG60vDBm/3A8k9ELu1x/Hg==",
      "cpu": [
        "x64"
      ],
      "license": "Apache-2.0",
      "optional": true,
      "os": [
        "darwin"
      ],
      "engines": {
        "node": ">= 18"
      }
    },
    "node_modules/@altimateai/altimate-core-linux-arm64-gnu": {
      "version": "0.2.6",
      "resolved": "https://registry.npmjs.org/@altimateai/altimate-core-linux-arm64-gnu/-/altimate-core-linux-arm64-gnu-0.2.6.tgz",
      "integrity": "sha512-/7okkP2LJBQFTekBWFvx9SLs8JhzYhfQsMWKnnr1kyZgl4Paw2emT6zyGce9uGBoXc8RXoOxyqlwBTe1Rqeupw==",
      "cpu": [
        "arm64"
      ],
      "license": "Apache-2.0",
      "optional": true,
      "os": [
        "linux"
      ],
      "engines": {
        "node": ">= 18"
      }
    },
    "node_modules/@altimateai/altimate-core-linux-x64-gnu": {
      "version": "0.2.6",
      "resolved": "https://registry.npmjs.org/@altimateai/altimate-core-linux-x64-gnu/-/altimate-core-linux-x64-gnu-0.2.6.tgz",
      "integrity": "sha512-AhOsBwyxMsW+fDA6vXRX0iamXP5KBr01ZkcdD3OjvjohmdTN7679gcAwmIbHn177dnQNtwq1ZG6F6mVP/XL2YA==",
      "cpu": [
        "x64"
      ],
      "license": "Apache-2.0",
      "optional": true,
      "os": [
        "linux"
      ],
      "engines": {
        "node": ">= 18"
      }
    },
    "node_modules/@altimateai/altimate-core-win32-x64-msvc": {
      "version": "0.2.6",
      "resolved": "https://registry.npmjs.org/@altimateai/altimate-core-win32-x64-msvc/-/altimate-core-win32-x64-msvc-0.2.6.tgz",
      "integrity": "sha512-zxxB/FqvZMOuxjaz2tS397j6dtDoGYx3l2MDKbf4gGfjL1/Osc9I+cWndECONPJy5wq7jCY2B/dxjDJrob5zig==",
      "cpu": [
        "x64"
      ],
      "license": "Apache-2.0",
      "optional": true,
      "os": [
        "win32"
      ],
      "engines": {
        "node": ">= 18"
      }
    },
    "node_modules/altimate-code": {
      "version": "0.5.21",
      "resolved": "https://registry.npmjs.org/altimate-code/-/altimate-code-0.5.21.tgz",
      "integrity": "sha512-ciHW9hzJwgQfjFQTHAoCPCxQyB8T3NCARXJjKkxpiYMigmLRdr+BIJ0DKfntejY4i7VgjKsgcRjgdw0jxE7fFA==",
      "hasInstallScript": true,
      "license": "MIT",
      "dependencies": {
        "@altimateai/altimate-core": "0.2.6"
      },
      "bin": {
        "altimate": "bin/altimate",
        "altimate-code": "bin/altimate-code"
      },
      "optionalDependencies": {
        "@altimateai/altimate-code-darwin-arm64": "0.5.21",
        "@altimateai/altimate-code-darwin-x64": "0.5.21",
        "@altimateai/altimate-code-darwin-x64-baseline": "0.5.21",
        "@altimateai/altimate-code-linux-arm64": "0.5.21",
        "@altimateai/altimate-code-linux-arm64-musl": "0.5.21",
        "@altimateai/altimate-code-linux-x64": "0.5.21",
        "@altimateai/altimate-code-linux-x64-baseline": "0.5.21",
        "@altimateai/altimate-code-linux-x64-baseline-musl": "0.5.21",
        "@altimateai/altimate-code-linux-x64-musl": "0.5.21",
        "@altimateai/altimate-code-windows-arm64": "0.5.21",
        "@altimateai/altimate-code-windows-x64": "0.5.21",
        "@altimateai/altimate-code-windows-x64-baseline": "0.5.21"
      },
      "peerDependencies": {
        "@clickhouse/client": ">=1",
        "@databricks/sql": ">=1",
        "@google-cloud/bigquery": ">=8",
        "duckdb": ">=1",
        "mssql": ">=11",
        "mysql2": ">=3",
        "oracledb": ">=6",
        "pg": ">=8",
        "snowflake-sdk": ">=1"
      },
      "peerDependenciesMeta": {
        "@clickhouse/client": {
          "optional": true
        },
        "@databricks/sql": {
          "optional": true
        },
        "@google-cloud/bigquery": {
          "optional": true
        },
        "duckdb": {
          "optional": true
        },
        "mssql": {
          "optional": true
        },
        "mysql2": {
          "optional": true
        },
        "oracledb": {
          "optional": true
        },
        "pg": {
          "optional": true
        },
        "snowflake-sdk": {
          "optional": true
        }
      }
    }
  }
}
